
Microsoft Visual Studio Solution File, Format Version 12.00
# Visual Studio 15
VisualStudioVersion = 15.0.27703.2026
MinimumVisualStudioVersion = 10.0.40219.1
Project("{FAE04EC0-301F-11D3-BF4B-00C04F79EFBC}") = "WindowsFormsApp1", "WindowsFormsApp1\WindowsFormsApp1.csproj", "{2E53558B-5A34-4534-ADAD-8C87515AEDCD}"
EndProject
Global
	GlobalSection(SolutionConfigurationPlatforms) = preSolution
		Debug|Any CPU = Debug|Any CPU
		Release|Any CPU = Release|Any CPU
	EndGlobalSection
	GlobalSection(ProjectConfigurationPlatforms) = postSolution
		{2E53558B-5A34-4534-ADAD-8C87515AEDCD}.Debug|Any CPU.ActiveCfg = Debug|Any CPU
		{2E53558B-5A34-4534-ADAD-8C87515AEDCD}.Debug|Any CPU.Build.0 = Debug|Any CPU
		{2E53558B-5A34-4534-ADAD-8C87515AEDCD}.Release|Any CPU.ActiveCfg = Release|Any CPU
		{2E53558B-5A34-4534-ADAD-8C87515AEDCD}.Release|Any CPU.Build.0 = Release|Any CPU
	EndGlobalSection
	GlobalSection(SolutionProperties) = preSolution
		HideSolutionNode = FALSE
	EndGlobalSection
	GlobalSection(ExtensibilityGlobals) = postSolution
		SolutionGuid = {DB4F0354-37D9-478C-99C5-970F7E46D699}
	EndGlobalSection
EndGlobal
